{
  "name": "SAFQA-BCAKEND",
  "lockfileVersion": 2,
  "requires": true,
  "packages": {
    "": {
      "devDependencies": {
        "laravel-echo": "^1.15.0",
        "pusher-js": "^8.0.1"
      }
    },
    "node_modules/@types/express-serve-static-core": {
      "version": "4.17.28",
      "resolved": "https://registry.npmjs.org/@types/express-serve-static-core/-/express-serve-static-core-4.17.28.tgz",
      "integrity": "sha512-P1BJAEAW3E2DJUlkgq4tOL3RyMunoWXqbSCygWo5ZIWTjUgN1YnaXWW4VWl/oc8vs/XoYibEGBKP0uZyF4AHig==",
      "dev": true,
      "dependencies": {
        "@types/node": "*",
        "@types/qs": "*",
        "@types/range-parser": "*"
      }
    },
    "node_modules/@types/node": {
      "version": "14.18.38",
      "resolved": "https://registry.npmjs.org/@types/node/-/node-14.18.38.tgz",
      "integrity": "sha512-zMRIidN2Huikv/+/U7gRPFYsXDR/7IGqFZzTLnCEj5+gkrQjsowfamaxEnyvArct5hxGA3bTxMXlYhH78V6Cew==",
      "dev": true
    },
    "node_modules/@types/qs": {
      "version": "6.9.7",
      "resolved": "https://registry.npmjs.org/@types/qs/-/qs-6.9.7.tgz",
      "integrity": "sha512-FGa1F62FT09qcrueBA6qYTrJPVDzah9a+493+o2PCXsesWHIn27G98TsSMs3WPNbZIEj4+VJf6saSFpvD+3Zsw==",
      "dev": true
    },
    "node_modules/@types/range-parser": {
      "version": "1.2.4",
      "resolved": "https://registry.npmjs.org/@types/range-parser/-/range-parser-1.2.4.tgz",
      "integrity": "sha512-EEhsLsD6UsDM1yFhAvy0Cjr6VwmpMWqFBCb9w07wVugF7w9nfajxLuVmngTIpgS6svCnm6Vaw+MZhoDCKnOfsw==",
      "dev": true
    },
    "node_modules/laravel-echo": {
      "version": "1.15.0",
      "resolved": "https://registry.npmjs.org/laravel-echo/-/laravel-echo-1.15.0.tgz",
      "integrity": "sha512-q5YaEw2NFu9xra6sYUfh/FX2YotN5iY1nMeKz90J3W3Vpa+5WjK3/DYeEzkTfBZz8Oq1Dv9vWNE4IUvt7kxYIg==",
      "dev": true,
      "engines": {
        "node": ">=10"
      }
    },
    "node_modules/pusher-js": {
      "version": "8.0.1",
      "resolved": "https://registry.npmjs.org/pusher-js/-/pusher-js-8.0.1.tgz",
      "integrity": "sha512-DbhfDfghqCF94gb+TFHZAgauXFT7k6onWXcd3Q4vnk/C2f5bC7/qKV14rvdoAAB8FCIBb11ZL0YX7N/oQPVxXA==",
      "dev": true,
      "dependencies": {
        "@types/express-serve-static-core": "4.17.28",
        "@types/node": "^14.14.31",
        "tweetnacl": "^1.0.3"
      }
    },
    "node_modules/tweetnacl": {
      "version": "1.0.3",
      "resolved": "https://registry.npmjs.org/tweetnacl/-/tweetnacl-1.0.3.tgz",
      "integrity": "sha512-6rt+RN7aOi1nGMyC4Xa5DdYiukl2UWCbcJft7YhxReBGQD7OAM8Pbxw6YMo4r2diNEA8FEmu32YOn9rhaiE5yw==",
      "dev": true
    }
  },
  "dependencies": {
    "@types/express-serve-static-core": {
      "version": "4.17.28",
      "resolved": "https://registry.npmjs.org/@types/express-serve-static-core/-/express-serve-static-core-4.17.28.tgz",
      "integrity": "sha512-P1BJAEAW3E2DJUlkgq4tOL3RyMunoWXqbSCygWo5ZIWTjUgN1YnaXWW4VWl/oc8vs/XoYibEGBKP0uZyF4AHig==",
      "dev": true,
      "requires": {
        "@types/node": "*",
        "@types/qs": "*",
        "@types/range-parser": "*"
      }
    },
    "@types/node": {
      "version": "14.18.38",
      "resolved": "https://registry.npmjs.org/@types/node/-/node-14.18.38.tgz",
      "integrity": "sha512-zMRIidN2Huikv/+/U7gRPFYsXDR/7IGqFZzTLnCEj5+gkrQjsowfamaxEnyvArct5hxGA3bTxMXlYhH78V6Cew==",
      "dev": true
    },
    "@types/qs": {
      "version": "6.9.7",
      "resolved": "https://registry.npmjs.org/@types/qs/-/qs-6.9.7.tgz",
      "integrity": "sha512-FGa1F62FT09qcrueBA6qYTrJPVDzah9a+493+o2PCXsesWHIn27G98TsSMs3WPNbZIEj4+VJf6saSFpvD+3Zsw==",
      "dev": true
    },
    "@types/range-parser": {
      "version": "1.2.4",
      "resolved": "https://registry.npmjs.org/@types/range-parser/-/range-parser-1.2.4.tgz",
      "integrity": "sha512-EEhsLsD6UsDM1yFhAvy0Cjr6VwmpMWqFBCb9w07wVugF7w9nfajxLuVmngTIpgS6svCnm6Vaw+MZhoDCKnOfsw==",
      "dev": true
    },
    "laravel-echo": {
      "version": "1.15.0",
      "resolved": "https://registry.npmjs.org/laravel-echo/-/laravel-echo-1.15.0.tgz",
      "integrity": "sha512-q5YaEw2NFu9xra6sYUfh/FX2YotN5iY1nMeKz90J3W3Vpa+5WjK3/DYeEzkTfBZz8Oq1Dv9vWNE4IUvt7kxYIg==",
      "dev": true
    },
    "pusher-js": {
      "version": "8.0.1",
      "resolved": "https://registry.npmjs.org/pusher-js/-/pusher-js-8.0.1.tgz",
      "integrity": "sha512-DbhfDfghqCF94gb+TFHZAgauXFT7k6onWXcd3Q4vnk/C2f5bC7/qKV14rvdoAAB8FCIBb11ZL0YX7N/oQPVxXA==",
      "dev": true,
      "requires": {
        "@types/express-serve-static-core": "4.17.28",
        "@types/node": "^14.14.31",
        "tweetnacl": "^1.0.3"
      }
    },
    "tweetnacl": {
      "version": "1.0.3",
      "resolved": "https://registry.npmjs.org/tweetnacl/-/tweetnacl-1.0.3.tgz",
      "integrity": "sha512-6rt+RN7aOi1nGMyC4Xa5DdYiukl2UWCbcJft7YhxReBGQD7OAM8Pbxw6YMo4r2diNEA8FEmu32YOn9rhaiE5yw==",
      "dev": true
    }
  }
}
